
Microsoft Visual Studio Solution File, Format Version 12.00
# Visual Studio 15
VisualStudioVersion = 15.0.28307.271
MinimumVisualStudioVersion = 10.0.40219.1
Project("{2150E333-8FDC-42A3-9474-1A3956D46DE8}") = "Web", "Web", "{7F7CC870-BDCD-41B6-AA49-90844AC3FAAF}"
EndProject
Project("{2150E333-8FDC-42A3-9474-1A3956D46DE8}") = "Core", "Core", "{E5D5785A-CA8C-41E5-AFCA-B1F329B5A568}"
EndProject
Project("{2150E333-8FDC-42A3-9474-1A3956D46DE8}") = "DbContexxt", "DbContexxt", "{0F79594A-9CC9-4F05-BC99-843F3E015BD9}"
EndProject
Project("{2150E333-8FDC-42A3-9474-1A3956D46DE8}") = "Application", "Application", "{F140203F-8047-4DCF-BDE5-5F0700315FFF}"
EndProject
Project("{9A19103F-16F7-4668-BE54-9A1E7A4F7556}") = "Frame.Mvc", "Frame.Mvc\Frame.Mvc.csproj", "{C21B18D9-90FD-45EB-A1BB-16F5AC75A2F1}"
EndProject
Project("{9A19103F-16F7-4668-BE54-9A1E7A4F7556}") = "Frame.Domain", "Frame.Domain\Frame.Domain.csproj", "{1DB2AEEC-9491-4029-AD73-783D510CE08E}"
EndProject
Project("{9A19103F-16F7-4668-BE54-9A1E7A4F7556}") = "Frame.Common", "Frame.Common\Frame.Common.csproj", "{58FEF8F0-EC8D-4C28-BCA4-502A17E54B4A}"
EndProject
Project("{9A19103F-16F7-4668-BE54-9A1E7A4F7556}") = "Frame.Application", "Frame.Application\Frame.Application.csproj", "{1BAFEE68-309A-4ED9-BCAD-F30BDBA23D55}"
EndProject
Project("{9A19103F-16F7-4668-BE54-9A1E7A4F7556}") = "Frame.EntityFrameworkCore", "Frame.EntityFrameworkCore\Frame.EntityFrameworkCore.csproj", "{F7C722A2-9DDE-48C0-865C-C843F4B288A0}"
EndProject
Project("{2150E333-8FDC-42A3-9474-1A3956D46DE8}") = "ABP", "ABP", "{5E2D2B6F-DC4D-48C0-B0C1-0AA6F2EADFDC}"
EndProject
Project("{9A19103F-16F7-4668-BE54-9A1E7A4F7556}") = "Abp", "ABP\Abp\Abp.csproj", "{ADC4781E-3616-4A77-A02D-8E4EA1B5838D}"
EndProject
Project("{9A19103F-16F7-4668-BE54-9A1E7A4F7556}") = "Abp.AspNetCore", "ABP\Abp.AspNetCore\Abp.AspNetCore.csproj", "{12244AF8-75A0-4525-934D-9F2E3183A254}"
EndProject
Project("{9A19103F-16F7-4668-BE54-9A1E7A4F7556}") = "Abp.AspNetCore.SignalR", "ABP\Abp.AspNetCore.SignalR\Abp.AspNetCore.SignalR.csproj", "{E945DD7B-A3A9-408C-83B6-22AA15428638}"
EndProject
Project("{9A19103F-16F7-4668-BE54-9A1E7A4F7556}") = "Abp.AutoMapper", "ABP\Abp.AutoMapper\Abp.AutoMapper.csproj", "{4F68AF0E-9A8C-4ADF-86C4-667C956168A1}"
EndProject
Project("{9A19103F-16F7-4668-BE54-9A1E7A4F7556}") = "Abp.Castle.Log4Net", "ABP\Abp.Castle.Log4Net\Abp.Castle.Log4Net.csproj", "{40EC7206-75A0-44D3-B731-AFB25A25244E}"
EndProject
Project("{9A19103F-16F7-4668-BE54-9A1E7A4F7556}") = "Abp.Dapper", "ABP\Abp.Dapper\Abp.Dapper.csproj", "{9B59EED8-DB9F-4D2B-99C2-FEEEFA9A8373}"
EndProject
Project("{9A19103F-16F7-4668-BE54-9A1E7A4F7556}") = "Abp.EntityFramework.Common", "ABP\Abp.EntityFramework.Common\Abp.EntityFramework.Common.csproj", "{074E2C8F-88A3-4F7F-891E-181F4DA8E1BA}"
EndProject
Project("{9A19103F-16F7-4668-BE54-9A1E7A4F7556}") = "Abp.EntityFrameworkCore", "ABP\Abp.EntityFrameworkCore\Abp.EntityFrameworkCore.csproj", "{9F26A7BF-3889-4019-AB2A-4B94C0BCEA89}"
EndProject
Project("{9A19103F-16F7-4668-BE54-9A1E7A4F7556}") = "Abp.HangFire.AspNetCore", "ABP\Abp.HangFire.AspNetCore\Abp.HangFire.AspNetCore.csproj", "{BBC8AD0E-1B1C-4E52-9E39-280327FA957D}"
EndProject
Project("{9A19103F-16F7-4668-BE54-9A1E7A4F7556}") = "Abp.MailKit", "ABP\Abp.MailKit\Abp.MailKit.csproj", "{0613B18C-2807-4338-A570-05064B563161}"
EndProject
Project("{9A19103F-16F7-4668-BE54-9A1E7A4F7556}") = "Abp.RedisCache", "ABP\Abp.RedisCache\Abp.RedisCache.csproj", "{ED215ED2-62E2-472F-9B88-3F52DE33EB11}"
EndProject
Project("{9A19103F-16F7-4668-BE54-9A1E7A4F7556}") = "Abp.Web.Common", "ABP\Abp.Web.Common\Abp.Web.Common.csproj", "{8A87BAE6-5D97-4A77-B268-7C7B5B6B0961}"
EndProject
Project("{2150E333-8FDC-42A3-9474-1A3956D46DE8}") = "BackgroundService", "BackgroundService", "{9B264CA9-6820-4899-A1DB-BE0E19FDD03E}"
EndProject
Project("{9A19103F-16F7-4668-BE54-9A1E7A4F7556}") = "Frame.BackgroundWorker", "Frame.BackgroundWorker\Frame.BackgroundWorker.csproj", "{5FEFC6D1-59F0-4DE4-974D-C392AFCC8018}"
EndProject
Project("{9A19103F-16F7-4668-BE54-9A1E7A4F7556}") = "Abp.Web.Resources", "ABP\Abp.Web.Resources\Abp.Web.Resources.csproj", "{146782D6-F43D-463A-BB62-9AA233FE594D}"
EndProject
Global
	GlobalSection(SolutionConfigurationPlatforms) = preSolution
		Debug|Any CPU = Debug|Any CPU
		Release|Any CPU = Release|Any CPU
	EndGlobalSection
	GlobalSection(ProjectConfigurationPlatforms) = postSolution
		{C21B18D9-90FD-45EB-A1BB-16F5AC75A2F1}.Debug|Any CPU.ActiveCfg = Debug|Any CPU
		{C21B18D9-90FD-45EB-A1BB-16F5AC75A2F1}.Debug|Any CPU.Build.0 = Debug|Any CPU
		{C21B18D9-90FD-45EB-A1BB-16F5AC75A2F1}.Release|Any CPU.ActiveCfg = Release|Any CPU
		{C21B18D9-90FD-45EB-A1BB-16F5AC75A2F1}.Release|Any CPU.Build.0 = Release|Any CPU
		{1DB2AEEC-9491-4029-AD73-783D510CE08E}.Debug|Any CPU.ActiveCfg = Debug|Any CPU
		{1DB2AEEC-9491-4029-AD73-783D510CE08E}.Debug|Any CPU.Build.0 = Debug|Any CPU
		{1DB2AEEC-9491-4029-AD73-783D510CE08E}.Release|Any CPU.ActiveCfg = Release|Any CPU
		{1DB2AEEC-9491-4029-AD73-783D510CE08E}.Release|Any CPU.Build.0 = Release|Any CPU
		{58FEF8F0-EC8D-4C28-BCA4-502A17E54B4A}.Debug|Any CPU.ActiveCfg = Debug|Any CPU
		{58FEF8F0-EC8D-4C28-BCA4-502A17E54B4A}.Debug|Any CPU.Build.0 = Debug|Any CPU
		{58FEF8F0-EC8D-4C28-BCA4-502A17E54B4A}.Release|Any CPU.ActiveCfg = Release|Any CPU
		{58FEF8F0-EC8D-4C28-BCA4-502A17E54B4A}.Release|Any CPU.Build.0 = Release|Any CPU
		{1BAFEE68-309A-4ED9-BCAD-F30BDBA23D55}.Debug|Any CPU.ActiveCfg = Debug|Any CPU
		{1BAFEE68-309A-4ED9-BCAD-F30BDBA23D55}.Debug|Any CPU.Build.0 = Debug|Any CPU
		{1BAFEE68-309A-4ED9-BCAD-F30BDBA23D55}.Release|Any CPU.ActiveCfg = Release|Any CPU
		{1BAFEE68-309A-4ED9-BCAD-F30BDBA23D55}.Release|Any CPU.Build.0 = Release|Any CPU
		{F7C722A2-9DDE-48C0-865C-C843F4B288A0}.Debug|Any CPU.ActiveCfg = Debug|Any CPU
		{F7C722A2-9DDE-48C0-865C-C843F4B288A0}.Debug|Any CPU.Build.0 = Debug|Any CPU
		{F7C722A2-9DDE-48C0-865C-C843F4B288A0}.Release|Any CPU.ActiveCfg = Release|Any CPU
		{F7C722A2-9DDE-48C0-865C-C843F4B288A0}.Release|Any CPU.Build.0 = Release|Any CPU
		{ADC4781E-3616-4A77-A02D-8E4EA1B5838D}.Debug|Any CPU.ActiveCfg = Debug|Any CPU
		{ADC4781E-3616-4A77-A02D-8E4EA1B5838D}.Debug|Any CPU.Build.0 = Debug|Any CPU
		{ADC4781E-3616-4A77-A02D-8E4EA1B5838D}.Release|Any CPU.ActiveCfg = Release|Any CPU
		{ADC4781E-3616-4A77-A02D-8E4EA1B5838D}.Release|Any CPU.Build.0 = Release|Any CPU
		{12244AF8-75A0-4525-934D-9F2E3183A254}.Debug|Any CPU.ActiveCfg = Debug|Any CPU
		{12244AF8-75A0-4525-934D-9F2E3183A254}.Debug|Any CPU.Build.0 = Debug|Any CPU
		{12244AF8-75A0-4525-934D-9F2E3183A254}.Release|Any CPU.ActiveCfg = Release|Any CPU
		{12244AF8-75A0-4525-934D-9F2E3183A254}.Release|Any CPU.Build.0 = Release|Any CPU
		{E945DD7B-A3A9-408C-83B6-22AA15428638}.Debug|Any CPU.ActiveCfg = Debug|Any CPU
		{E945DD7B-A3A9-408C-83B6-22AA15428638}.Debug|Any CPU.Build.0 = Debug|Any CPU
		{E945DD7B-A3A9-408C-83B6-22AA15428638}.Release|Any CPU.ActiveCfg = Release|Any CPU
		{E945DD7B-A3A9-408C-83B6-22AA15428638}.Release|Any CPU.Build.0 = Release|Any CPU
		{4F68AF0E-9A8C-4ADF-86C4-667C956168A1}.Debug|Any CPU.ActiveCfg = Debug|Any CPU
		{4F68AF0E-9A8C-4ADF-86C4-667C956168A1}.Debug|Any CPU.Build.0 = Debug|Any CPU
		{4F68AF0E-9A8C-4ADF-86C4-667C956168A1}.Release|Any CPU.ActiveCfg = Release|Any CPU
		{4F68AF0E-9A8C-4ADF-86C4-667C956168A1}.Release|Any CPU.Build.0 = Release|Any CPU
		{40EC7206-75A0-44D3-B731-AFB25A25244E}.Debug|Any CPU.ActiveCfg = Debug|Any CPU
		{40EC7206-75A0-44D3-B731-AFB25A25244E}.Debug|Any CPU.Build.0 = Debug|Any CPU
		{40EC7206-75A0-44D3-B731-AFB25A25244E}.Release|Any CPU.ActiveCfg = Release|Any CPU
		{40EC7206-75A0-44D3-B731-AFB25A25244E}.Release|Any CPU.Build.0 = Release|Any CPU
		{9B59EED8-DB9F-4D2B-99C2-FEEEFA9A8373}.Debug|Any CPU.ActiveCfg = Debug|Any CPU
		{9B59EED8-DB9F-4D2B-99C2-FEEEFA9A8373}.Debug|Any CPU.Build.0 = Debug|Any CPU
		{9B59EED8-DB9F-4D2B-99C2-FEEEFA9A8373}.Release|Any CPU.ActiveCfg = Release|Any CPU
		{9B59EED8-DB9F-4D2B-99C2-FEEEFA9A8373}.Release|Any CPU.Build.0 = Release|Any CPU
		{074E2C8F-88A3-4F7F-891E-181F4DA8E1BA}.Debug|Any CPU.ActiveCfg = Debug|Any CPU
		{074E2C8F-88A3-4F7F-891E-181F4DA8E1BA}.Debug|Any CPU.Build.0 = Debug|Any CPU
		{074E2C8F-88A3-4F7F-891E-181F4DA8E1BA}.Release|Any CPU.ActiveCfg = Release|Any CPU
		{074E2C8F-88A3-4F7F-891E-181F4DA8E1BA}.Release|Any CPU.Build.0 = Release|Any CPU
		{9F26A7BF-3889-4019-AB2A-4B94C0BCEA89}.Debug|Any CPU.ActiveCfg = Debug|Any CPU
		{9F26A7BF-3889-4019-AB2A-4B94C0BCEA89}.Debug|Any CPU.Build.0 = Debug|Any CPU
		{9F26A7BF-3889-4019-AB2A-4B94C0BCEA89}.Release|Any CPU.ActiveCfg = Release|Any CPU
		{9F26A7BF-3889-4019-AB2A-4B94C0BCEA89}.Release|Any CPU.Build.0 = Release|Any CPU
		{BBC8AD0E-1B1C-4E52-9E39-280327FA957D}.Debug|Any CPU.ActiveCfg = Debug|Any CPU
		{BBC8AD0E-1B1C-4E52-9E39-280327FA957D}.Debug|Any CPU.Build.0 = Debug|Any CPU
		{BBC8AD0E-1B1C-4E52-9E39-280327FA957D}.Release|Any CPU.ActiveCfg = Release|Any CPU
		{BBC8AD0E-1B1C-4E52-9E39-280327FA957D}.Release|Any CPU.Build.0 = Release|Any CPU
		{0613B18C-2807-4338-A570-05064B563161}.Debug|Any CPU.ActiveCfg = Debug|Any CPU
		{0613B18C-2807-4338-A570-05064B563161}.Debug|Any CPU.Build.0 = Debug|Any CPU
		{0613B18C-2807-4338-A570-05064B563161}.Release|Any CPU.ActiveCfg = Release|Any CPU
		{0613B18C-2807-4338-A570-05064B563161}.Release|Any CPU.Build.0 = Release|Any CPU
		{ED215ED2-62E2-472F-9B88-3F52DE33EB11}.Debug|Any CPU.ActiveCfg = Debug|Any CPU
		{ED215ED2-62E2-472F-9B88-3F52DE33EB11}.Debug|Any CPU.Build.0 = Debug|Any CPU
		{ED215ED2-62E2-472F-9B88-3F52DE33EB11}.Release|Any CPU.ActiveCfg = Release|Any CPU
		{ED215ED2-62E2-472F-9B88-3F52DE33EB11}.Release|Any CPU.Build.0 = Release|Any CPU
		{8A87BAE6-5D97-4A77-B268-7C7B5B6B0961}.Debug|Any CPU.ActiveCfg = Debug|Any CPU
		{8A87BAE6-5D97-4A77-B268-7C7B5B6B0961}.Debug|Any CPU.Build.0 = Debug|Any CPU
		{8A87BAE6-5D97-4A77-B268-7C7B5B6B0961}.Release|Any CPU.ActiveCfg = Release|Any CPU
		{8A87BAE6-5D97-4A77-B268-7C7B5B6B0961}.Release|Any CPU.Build.0 = Release|Any CPU
		{5FEFC6D1-59F0-4DE4-974D-C392AFCC8018}.Debug|Any CPU.ActiveCfg = Debug|Any CPU
		{5FEFC6D1-59F0-4DE4-974D-C392AFCC8018}.Debug|Any CPU.Build.0 = Debug|Any CPU
		{5FEFC6D1-59F0-4DE4-974D-C392AFCC8018}.Release|Any CPU.ActiveCfg = Release|Any CPU
		{5FEFC6D1-59F0-4DE4-974D-C392AFCC8018}.Release|Any CPU.Build.0 = Release|Any CPU
		{146782D6-F43D-463A-BB62-9AA233FE594D}.Debug|Any CPU.ActiveCfg = Debug|Any CPU
		{146782D6-F43D-463A-BB62-9AA233FE594D}.Debug|Any CPU.Build.0 = Debug|Any CPU
		{146782D6-F43D-463A-BB62-9AA233FE594D}.Release|Any CPU.ActiveCfg = Release|Any CPU
		{146782D6-F43D-463A-BB62-9AA233FE594D}.Release|Any CPU.Build.0 = Release|Any CPU
	EndGlobalSection
	GlobalSection(SolutionProperties) = preSolution
		HideSolutionNode = FALSE
	EndGlobalSection
	GlobalSection(NestedProjects) = preSolution
		{C21B18D9-90FD-45EB-A1BB-16F5AC75A2F1} = {7F7CC870-BDCD-41B6-AA49-90844AC3FAAF}
		{1DB2AEEC-9491-4029-AD73-783D510CE08E} = {E5D5785A-CA8C-41E5-AFCA-B1F329B5A568}
		{58FEF8F0-EC8D-4C28-BCA4-502A17E54B4A} = {E5D5785A-CA8C-41E5-AFCA-B1F329B5A568}
		{1BAFEE68-309A-4ED9-BCAD-F30BDBA23D55} = {F140203F-8047-4DCF-BDE5-5F0700315FFF}
		{F7C722A2-9DDE-48C0-865C-C843F4B288A0} = {0F79594A-9CC9-4F05-BC99-843F3E015BD9}
		{ADC4781E-3616-4A77-A02D-8E4EA1B5838D} = {5E2D2B6F-DC4D-48C0-B0C1-0AA6F2EADFDC}
		{12244AF8-75A0-4525-934D-9F2E3183A254} = {5E2D2B6F-DC4D-48C0-B0C1-0AA6F2EADFDC}
		{E945DD7B-A3A9-408C-83B6-22AA15428638} = {5E2D2B6F-DC4D-48C0-B0C1-0AA6F2EADFDC}
		{4F68AF0E-9A8C-4ADF-86C4-667C956168A1} = {5E2D2B6F-DC4D-48C0-B0C1-0AA6F2EADFDC}
		{40EC7206-75A0-44D3-B731-AFB25A25244E} = {5E2D2B6F-DC4D-48C0-B0C1-0AA6F2EADFDC}
		{9B59EED8-DB9F-4D2B-99C2-FEEEFA9A8373} = {5E2D2B6F-DC4D-48C0-B0C1-0AA6F2EADFDC}
		{074E2C8F-88A3-4F7F-891E-181F4DA8E1BA} = {5E2D2B6F-DC4D-48C0-B0C1-0AA6F2EADFDC}
		{9F26A7BF-3889-4019-AB2A-4B94C0BCEA89} = {5E2D2B6F-DC4D-48C0-B0C1-0AA6F2EADFDC}
		{BBC8AD0E-1B1C-4E52-9E39-280327FA957D} = {5E2D2B6F-DC4D-48C0-B0C1-0AA6F2EADFDC}
		{0613B18C-2807-4338-A570-05064B563161} = {5E2D2B6F-DC4D-48C0-B0C1-0AA6F2EADFDC}
		{ED215ED2-62E2-472F-9B88-3F52DE33EB11} = {5E2D2B6F-DC4D-48C0-B0C1-0AA6F2EADFDC}
		{8A87BAE6-5D97-4A77-B268-7C7B5B6B0961} = {5E2D2B6F-DC4D-48C0-B0C1-0AA6F2EADFDC}
		{5FEFC6D1-59F0-4DE4-974D-C392AFCC8018} = {9B264CA9-6820-4899-A1DB-BE0E19FDD03E}
		{146782D6-F43D-463A-BB62-9AA233FE594D} = {5E2D2B6F-DC4D-48C0-B0C1-0AA6F2EADFDC}
	EndGlobalSection
	GlobalSection(ExtensibilityGlobals) = postSolution
		SolutionGuid = {D5EC3CFA-BA8F-48BA-9D6C-45B90BBEDA39}
	EndGlobalSection
EndGlobal
